// !$*UTF8*$!
{
	archiveVersion = 1;
	classes = {
	};
	objectVersion = 46;
	objects = {

/* Begin PBXBuildFile section */
		B984BF171947BD9A002E80A9 /* Foundation.framework in Frameworks */ = {isa = PBXBuildFile; fileRef = B984BF161947BD9A002E80A9 /* Foundation.framework */; };
		B984BF191947BD9A002E80A9 /* CoreGraphics.framework in Frameworks */ = {isa = PBXBuildFile; fileRef = B984BF181947BD9A002E80A9 /* CoreGraphics.framework */; };
		B984BF1B1947BD9A002E80A9 /* UIKit.framework in Frameworks */ = {isa = PBXBuildFile; fileRef = B984BF1A1947BD9A002E80A9 /* UIKit.framework */; };
		B984BF211947BD9A002E80A9 /* InfoPlist.strings in Resources */ = {isa = PBXBuildFile; fileRef = B984BF1F1947BD9A002E80A9 /* InfoPlist.strings */; };
		B984BF231947BD9A002E80A9 /* main.m in Sources */ = {isa = PBXBuildFile; fileRef = B984BF221947BD9A002E80A9 /* main.m */; };
		B984BF271947BD9A002E80A9 /* SSYAppDelegate.m in Sources */ = {isa = PBXBuildFile; fileRef = B984BF261947BD9A002E80A9 /* SSYAppDelegate.m */; };
		B984BF291947BD9A002E80A9 /* Images.xcassets in Resources */ = {isa = PBXBuildFile; fileRef = B984BF281947BD9A002E80A9 /* Images.xcassets */; };
		B984BF301947BD9A002E80A9 /* XCTest.framework in Frameworks */ = {isa = PBXBuildFile; fileRef = B984BF2F1947BD9A002E80A9 /* XCTest.framework */; };
		B984BF311947BD9A002E80A9 /* Foundation.framework in Frameworks */ = {isa = PBXBuildFile; fileRef = B984BF161947BD9A002E80A9 /* Foundation.framework */; };
		B984BF321947BD9A002E80A9 /* UIKit.framework in Frameworks */ = {isa = PBXBuildFile; fileRef = B984BF1A1947BD9A002E80A9 /* UIKit.framework */; };
		B984BF3A1947BD9A002E80A9 /* InfoPlist.strings in Resources */ = {isa = PBXBuildFile; fileRef = B984BF381947BD9A002E80A9 /* InfoPlist.strings */; };
		B984BF3C1947BD9A002E80A9 /* Knight_s_TourTests.m in Sources */ = {isa = PBXBuildFile; fileRef = B984BF3B1947BD9A002E80A9 /* Knight_s_TourTests.m */; };
/* End PBXBuildFile section */

/* Begin PBXContainerItemProxy section */
		B984BF331947BD9A002E80A9 /* PBXContainerItemProxy */ = {
			isa = PBXContainerItemProxy;
			containerPortal = B984BF0B1947BD9A002E80A9 /* Project object */;
			proxyType = 1;
			remoteGlobalIDString = B984BF121947BD9A002E80A9;
			remoteInfo = "Knight's Tour";
		};
/* End PBXContainerItemProxy section */

/* Begin PBXFileReference section */
		B984BF131947BD9A002E80A9 /* Knight's Tour.app */ = {isa = PBXFileReference; explicitFileType = wrapper.application; includeInIndex = 0; path = "Knight's Tour.app"; sourceTree = BUILT_PRODUCTS_DIR; };
		B984BF161947BD9A002E80A9 /* Foundation.framework */ = {isa = PBXFileReference; lastKnownFileType = wrapper.framework; name = Foundation.framework; path = System/Library/Frameworks/Foundation.framework; sourceTree = SDKROOT; };
		B984BF181947BD9A002E80A9 /* CoreGraphics.framework */ = {isa = PBXFileReference; lastKnownFileType = wrapper.framework; name = CoreGraphics.framework; path = System/Library/Frameworks/CoreGraphics.framework; sourceTree = SDKROOT; };
		B984BF1A1947BD9A002E80A9 /* UIKit.framework */ = {isa = PBXFileReference; lastKnownFileType = wrapper.framework; name = UIKit.framework; path = System/Library/Frameworks/UIKit.framework; sourceTree = SDKROOT; };
		B984BF1E1947BD9A002E80A9 /* Knight's Tour-Info.plist */ = {isa = PBXFileReference; lastKnownFileType = text.plist.xml; path = "Knight's Tour-Info.plist"; sourceTree = "<group>"; };
		B984BF201947BD9A002E80A9 /* en */ = {isa = PBXFileReference; lastKnownFileType = text.plist.strings; name = en; path = en.lproj/InfoPlist.strings; sourceTree = "<group>"; };
		B984BF221947BD9A002E80A9 /* main.m */ = {isa = PBXFileReference; lastKnownFileType = sourcecode.c.objc; path = main.m; sourceTree = "<group>"; };
		B984BF241947BD9A002E80A9 /* Knight's Tour-Prefix.pch */ = {isa = PBXFileReference; lastKnownFileType = sourcecode.c.h; path = "Knight's Tour-Prefix.pch"; sourceTree = "<group>"; };
		B984BF251947BD9A002E80A9 /* SSYAppDelegate.h */ = {isa = PBXFileReference; lastKnownFileType = sourcecode.c.h; path = SSYAppDelegate.h; sourceTree = "<group>"; };
		B984BF261947BD9A002E80A9 /* SSYAppDelegate.m */ = {isa = PBXFileReference; lastKnownFileType = sourcecode.c.objc; path = SSYAppDelegate.m; sourceTree = "<group>"; };
		B984BF281947BD9A002E80A9 /* Images.xcassets */ = {isa = PBXFileReference; lastKnownFileType = folder.assetcatalog; path = Images.xcassets; sourceTree = "<group>"; };
		B984BF2E1947BD9A002E80A9 /* Knight's TourTests.xctest */ = {isa = PBXFileReference; explicitFileType = wrapper.cfbundle; includeInIndex = 0; path = "Knight's TourTests.xctest"; sourceTree = BUILT_PRODUCTS_DIR; };
		B984BF2F1947BD9A002E80A9 /* XCTest.framework */ = {isa = PBXFileReference; lastKnownFileType = wrapper.framework; name = XCTest.framework; path = Library/Frameworks/XCTest.framework; sourceTree = DEVELOPER_DIR; };
		B984BF371947BD9A002E80A9 /* Knight's TourTests-Info.plist */ = {isa = PBXFileReference; lastKnownFileType = text.plist.xml; path = "Knight's TourTests-Info.plist"; sourceTree = "<group>"; };
		B984BF391947BD9A002E80A9 /* en */ = {isa = PBXFileReference; lastKnownFileType = text.plist.strings; name = en; path = en.lproj/InfoPlist.strings; sourceTree = "<group>"; };
		B984BF3B1947BD9A002E80A9 /* Knight_s_TourTests.m */ = {isa = PBXFileReference; lastKnownFileType = sourcecode.c.objc; path = Knight_s_TourTests.m; sourceTree = "<group>"; };
/* End PBXFileReference section */

/* Begin PBXFrameworksBuildPhase section */
		B984BF101947BD9A002E80A9 /* Frameworks */ = {
			isa = PBXFrameworksBuildPhase;
			buildActionMask = 2147483647;
			files = (
				B984BF191947BD9A002E80A9 /* CoreGraphics.framework in Frameworks */,
				B984BF1B1947BD9A002E80A9 /* UIKit.framework in Frameworks */,
				B984BF171947BD9A002E80A9 /* Foundation.framework in Frameworks */,
			);
			runOnlyForDeploymentPostprocessing = 0;
		};
		B984BF2B1947BD9A002E80A9 /* Frameworks */ = {
			isa = PBXFrameworksBuildPhase;
			buildActionMask = 2147483647;
			files = (
				B984BF301947BD9A002E80A9 /* XCTest.framework in Frameworks */,
				B984BF321947BD9A002E80A9 /* UIKit.framework in Frameworks */,
				B984BF311947BD9A002E80A9 /* Foundation.framework in Frameworks */,
			);
			runOnlyForDeploymentPostprocessing = 0;
		};
/* End PBXFrameworksBuildPhase section */

/* Begin PBXGroup section */
		B984BF0A1947BD9A002E80A9 = {
			isa = PBXGroup;
			children = (
				B984BF1C1947BD9A002E80A9 /* Knight's Tour */,
				B984BF351947BD9A002E80A9 /* Knight's TourTests */,
				B984BF151947BD9A002E80A9 /* Frameworks */,
				B984BF141947BD9A002E80A9 /* Products */,
			);
			sourceTree = "<group>";
		};
		B984BF141947BD9A002E80A9 /* Products */ = {
			isa = PBXGroup;
			children = (
				B984BF131947BD9A002E80A9 /* Knight's Tour.app */,
				B984BF2E1947BD9A002E80A9 /* Knight's TourTests.xctest */,
			);
			name = Products;
			sourceTree = "<group>";
		};
		B984BF151947BD9A002E80A9 /* Frameworks */ = {
			isa = PBXGroup;
			children = (
				B984BF161947BD9A002E80A9 /* Foundation.framework */,
				B984BF181947BD9A002E80A9 /* CoreGraphics.framework */,
				B984BF1A1947BD9A002E80A9 /* UIKit.framework */,
				B984BF2F1947BD9A002E80A9 /* XCTest.framework */,
			);
			name = Frameworks;
			sourceTree = "<group>";
		};
		B984BF1C1947BD9A002E80A9 /* Knight's Tour */ = {
			isa = PBXGroup;
			children = (
				B984BF251947BD9A002E80A9 /* SSYAppDelegate.h */,
				B984BF261947BD9A002E80A9 /* SSYAppDelegate.m */,
				B984BF281947BD9A002E80A9 /* Images.xcassets */,
				B984BF1D1947BD9A002E80A9 /* Supporting Files */,
			);
			path = "Knight's Tour";
			sourceTree = "<group>";
		};
		B984BF1D1947BD9A002E80A9 /* Supporting Files */ = {
			isa = PBXGroup;
			children = (
				B984BF1E1947BD9A002E80A9 /* Knight's Tour-Info.plist */,
				B984BF1F1947BD9A002E80A9 /* InfoPlist.strings */,
				B984BF221947BD9A002E80A9 /* main.m */,
				B984BF241947BD9A002E80A9 /* Knight's Tour-Prefix.pch */,
			);
			name = "Supporting Files";
			sourceTree = "<group>";
		};
		B984BF351947BD9A002E80A9 /* Knight's TourTests */ = {
			isa = PBXGroup;
			children = (
				B984BF3B1947BD9A002E80A9 /* Knight_s_TourTests.m */,
				B984BF361947BD9A002E80A9 /* Supporting Files */,
			);
			path = "Knight's TourTests";
			sourceTree = "<group>";
		};
		B984BF361947BD9A002E80A9 /* Supporting Files */ = {
			isa = PBXGroup;
			children = (
				B984BF371947BD9A002E80A9 /* Knight's TourTests-Info.plist */,
				B984BF381947BD9A002E80A9 /* InfoPlist.strings */,
			);
			name = "Supporting Files";
			sourceTree = "<group>";
		};
/* End PBXGroup section */

/* Begin PBXNativeTarget section */
		B984BF121947BD9A002E80A9 /* Knight's Tour */ = {
			isa = PBXNativeTarget;
			buildConfigurationList = B984BF3F1947BD9A002E80A9 /* Build configuration list for PBXNativeTarget "Knight's Tour" */;
			buildPhases = (
				B984BF0F1947BD9A002E80A9 /* Sources */,
				B984BF101947BD9A002E80A9 /* Frameworks */,
				B984BF111947BD9A002E80A9 /* Resources */,
			);
			buildRules = (
			);
			dependencies = (
			);
			name = "Knight's Tour";
			productName = "Knight's Tour";
			productReference = B984BF131947BD9A002E80A9 /* Knight's Tour.app */;
			productType = "com.apple.product-type.application";
		};
		B984BF2D1947BD9A002E80A9 /* Knight's TourTests */ = {
			isa = PBXNativeTarget;
			buildConfigurationList = B984BF421947BD9A002E80A9 /* Build configuration list for PBXNativeTarget "Knight's TourTests" */;
			buildPhases = (
				B984BF2A1947BD9A002E80A9 /* Sources */,
				B984BF2B1947BD9A002E80A9 /* Frameworks */,
				B984BF2C1947BD9A002E80A9 /* Resources */,
			);
			buildRules = (
			);
			dependencies = (
				B984BF341947BD9A002E80A9 /* PBXTargetDependency */,
			);
			name = "Knight's TourTests";
			productName = "Knight's TourTests";
			productReference = B984BF2E1947BD9A002E80A9 /* Knight's TourTests.xctest */;
			productType = "com.apple.product-type.bundle.unit-test";
		};
/* End PBXNativeTarget section */

/* Begin PBXProject section */
		B984BF0B1947BD9A002E80A9 /* Project object */ = {
			isa = PBXProject;
			attributes = {
				CLASSPREFIX = SSY;
				LastUpgradeCheck = 0510;
				ORGANIZATIONNAME = "Sai Sanjay";
				TargetAttributes = {
					B984BF2D1947BD9A002E80A9 = {
						TestTargetID = B984BF121947BD9A002E80A9;
					};
				};
			};
			buildConfigurationList = B984BF0E1947BD9A002E80A9 /* Build configuration list for PBXProject "Knight's Tour" */;
			compatibilityVersion = "Xcode 3.2";
			developmentRegion = English;
			hasScannedForEncodings = 0;
			knownRegions = (
				en,
			);
			mainGroup = B984BF0A1947BD9A002E80A9;
			productRefGroup = B984BF141947BD9A002E80A9 /* Products */;
			projectDirPath = "";
			projectRoot = "";
			targets = (
				B984BF121947BD9A002E80A9 /* Knight's Tour */,
				B984BF2D1947BD9A002E80A9 /* Knight's TourTests */,
			);
		};
/* End PBXProject section */

/* Begin PBXResourcesBuildPhase section */
		B984BF111947BD9A002E80A9 /* Resources */ = {
			isa = PBXResourcesBuildPhase;
			buildActionMask = 2147483647;
			files = (
				B984BF211947BD9A002E80A9 /* InfoPlist.strings in Resources */,
				B984BF291947BD9A002E80A9 /* Images.xcassets in Resources */,
			);
			runOnlyForDeploymentPostprocessing = 0;
		};
		B984BF2C1947BD9A002E80A9 /* Resources */ = {
			isa = PBXResourcesBuildPhase;
			buildActionMask = 2147483647;
			files = (
				B984BF3A1947BD9A002E80A9 /* InfoPlist.strings in Resources */,
			);
			runOnlyForDeploymentPostprocessing = 0;
		};
/* End PBXResourcesBuildPhase section */

/* Begin PBXSourcesBuildPhase section */
		B984BF0F1947BD9A002E80A9 /* Sources */ = {
			isa = PBXSourcesBuildPhase;
			buildActionMask = 2147483647;
			files = (
				B984BF271947BD9A002E80A9 /* SSYAppDelegate.m in Sources */,
				B984BF231947BD9A002E80A9 /* main.m in Sources */,
			);
			runOnlyForDeploymentPostprocessing = 0;
		};
		B984BF2A1947BD9A002E80A9 /* Sources */ = {
			isa = PBXSourcesBuildPhase;
			buildActionMask = 2147483647;
			files = (
				B984BF3C1947BD9A002E80A9 /* Knight_s_TourTests.m in Sources */,
			);
			runOnlyForDeploymentPostprocessing = 0;
		};
/* End PBXSourcesBuildPhase section */

/* Begin PBXTargetDependency section */
		B984BF341947BD9A002E80A9 /* PBXTargetDependency */ = {
			isa = PBXTargetDependency;
			target = B984BF121947BD9A002E80A9 /* Knight's Tour */;
			targetProxy = B984BF331947BD9A002E80A9 /* PBXContainerItemProxy */;
		};
/* End PBXTargetDependency section */

/* Begin PBXVariantGroup section */
		B984BF1F1947BD9A002E80A9 /* InfoPlist.strings */ = {
			isa = PBXVariantGroup;
			children = (
				B984BF201947BD9A002E80A9 /* en */,
			);
			name = InfoPlist.strings;
			sourceTree = "<group>";
		};
		B984BF381947BD9A002E80A9 /* InfoPlist.strings */ = {
			isa = PBXVariantGroup;
			children = (
				B984BF391947BD9A002E80A9 /* en */,
			);
			name = InfoPlist.strings;
			sourceTree = "<group>";
		};
/* End PBXVariantGroup section */

/* Begin XCBuildConfiguration section */
		B984BF3D1947BD9A002E80A9 /* Debug */ = {
			isa = XCBuildConfiguration;
			buildSettings = {
				ALWAYS_SEARCH_USER_PATHS = NO;
				CLANG_CXX_LANGUAGE_STANDARD = "gnu++0x";
				CLANG_CXX_LIBRARY = "libc++";
				CLANG_ENABLE_MODULES = YES;
				CLANG_ENABLE_OBJC_ARC = YES;
				CLANG_WARN_BOOL_CONVERSION = YES;
				CLANG_WARN_CONSTANT_CONVERSION = YES;
				CLANG_WARN_DIRECT_OBJC_ISA_USAGE = YES_ERROR;
				CLANG_WARN_EMPTY_BODY = YES;
				CLANG_WARN_ENUM_CONVERSION = YES;
				CLANG_WARN_INT_CONVERSION = YES;
				CLANG_WARN_OBJC_ROOT_CLASS = YES_ERROR;
				CLANG_WARN__DUPLICATE_METHOD_MATCH = YES;
				"CODE_SIGN_IDENTITY[sdk=iphoneos*]" = "iPhone Developer";
				COPY_PHASE_STRIP = NO;
				GCC_C_LANGUAGE_STANDARD = gnu99;
				GCC_DYNAMIC_NO_PIC = NO;
				GCC_OPTIMIZATION_LEVEL = 0;
				GCC_PREPROCESSOR_DEFINITIONS = (
					"DEBUG=1",
					"$(inherited)",
				);
				GCC_SYMBOLS_PRIVATE_EXTERN = NO;
				GCC_WARN_64_TO_32_BIT_CONVERSION = YES;
				GCC_WARN_ABOUT_RETURN_TYPE = YES_ERROR;
				GCC_WARN_UNDECLARED_SELECTOR = YES;
				GCC_WARN_UNINITIALIZED_AUTOS = YES_AGGRESSIVE;
				GCC_WARN_UNUSED_FUNCTION = YES;
				GCC_WARN_UNUSED_VARIABLE = YES;
				IPHONEOS_DEPLOYMENT_TARGET = 7.1;
				ONLY_ACTIVE_ARCH = YES;
				SDKROOT = iphoneos;
				TARGETED_DEVICE_FAMILY = "1,2";
			};
			name = Debug;
		};
		B984BF3E1947BD9A002E80A9 /* Release */ = {
			isa = XCBuildConfiguration;
			buildSettings = {
				ALWAYS_SEARCH_USER_PATHS = NO;
				CLANG_CXX_LANGUAGE_STANDARD = "gnu++0x";
				CLANG_CXX_LIBRARY = "libc++";
				CLANG_ENABLE_MODULES = YES;
				CLANG_ENABLE_OBJC_ARC = YES;
				CLANG_WARN_BOOL_CONVERSION = YES;
				CLANG_WARN_CONSTANT_CONVERSION = YES;
				CLANG_WARN_DIRECT_OBJC_ISA_USAGE = YES_ERROR;
				CLANG_WARN_EMPTY_BODY = YES;
				CLANG_WARN_ENUM_CONVERSION = YES;
				CLANG_WARN_INT_CONVERSION = YES;
				CLANG_WARN_OBJC_ROOT_CLASS = YES_ERROR;
				CLANG_WARN__DUPLICATE_METHOD_MATCH = YES;
				"CODE_SIGN_IDENTITY[sdk=iphoneos*]" = "iPhone Developer";
				COPY_PHASE_STRIP = YES;
				ENABLE_NS_ASSERTIONS = NO;
				GCC_C_LANGUAGE_STANDARD = gnu99;
				GCC_WARN_64_TO_32_BIT_CONVERSION = YES;
				GCC_WARN_ABOUT_RETURN_TYPE = YES_ERROR;
				GCC_WARN_UNDECLARED_SELECTOR = YES;
				GCC_WARN_UNINITIALIZED_AUTOS = YES_AGGRESSIVE;
				GCC_WARN_UNUSED_FUNCTION = YES;
				GCC_WARN_UNUSED_VARIABLE = YES;
				IPHONEOS_DEPLOYMENT_TARGET = 7.1;
				SDKROOT = iphoneos;
				TARGETED_DEVICE_FAMILY = "1,2";
				VALIDATE_PRODUCT = YES;
			};
			name = Release;
		};
		B984BF401947BD9A002E80A9 /* Debug */ = {
			isa = XCBuildConfiguration;
			buildSettings = {
				ASSETCATALOG_COMPILER_APPICON_NAME = AppIcon;
				ASSETCATALOG_COMPILER_LAUNCHIMAGE_NAME = LaunchImage;
				GCC_PRECOMPILE_PREFIX_HEADER = YES;
				GCC_PREFIX_HEADER = "Knight's Tour/Knight's Tour-Prefix.pch";
				INFOPLIST_FILE = "Knight's Tour/Knight's Tour-Info.plist";
				PRODUCT_NAME = "$(TARGET_NAME)";
				WRAPPER_EXTENSION = app;
			};
			name = Debug;
		};
		B984BF411947BD9A002E80A9 /* Release */ = {
			isa = XCBuildConfiguration;
			buildSettings = {
				ASSETCATALOG_COMPILER_APPICON_NAME = AppIcon;
				ASSETCATALOG_COMPILER_LAUNCHIMAGE_NAME = LaunchImage;
				GCC_PRECOMPILE_PREFIX_HEADER = YES;
				GCC_PREFIX_HEADER = "Knight's Tour/Knight's Tour-Prefix.pch";
				INFOPLIST_FILE = "Knight's Tour/Knight's Tour-Info.plist";
				PRODUCT_NAME = "$(TARGET_NAME)";
				WRAPPER_EXTENSION = app;
			};
			name = Release;
		};
		B984BF431947BD9A002E80A9 /* Debug */ = {
			isa = XCBuildConfiguration;
			buildSettings = {
				BUNDLE_LOADER = "$(BUILT_PRODUCTS_DIR)/Knight's Tour.app/Knight's Tour";
				FRAMEWORK_SEARCH_PATHS = (
					"$(SDKROOT)/Developer/Library/Frameworks",
					"$(inherited)",
					"$(DEVELOPER_FRAMEWORKS_DIR)",
				);
				GCC_PRECOMPILE_PREFIX_HEADER = YES;
				GCC_PREFIX_HEADER = "Knight's Tour/Knight's Tour-Prefix.pch";
				GCC_PREPROCESSOR_DEFINITIONS = (
					"DEBUG=1",
					"$(inherited)",
				);
				INFOPLIST_FILE = "Knight's TourTests/Knight's TourTests-Info.plist";
				PRODUCT_NAME = "$(TARGET_NAME)";
				TEST_HOST = "$(BUNDLE_LOADER)";
				WRAPPER_EXTENSION = xctest;
			};
			name = Debug;
		};
		B984BF441947BD9A002E80A9 /* Release */ = {
			isa = XCBuildConfiguration;
			buildSettings = {
				BUNDLE_LOADER = "$(BUILT_PRODUCTS_DIR)/Knight's Tour.app/Knight's Tour";
				FRAMEWORK_SEARCH_PATHS = (
					"$(SDKROOT)/Developer/Library/Frameworks",
					"$(inherited)",
					"$(DEVELOPER_FRAMEWORKS_DIR)",
				);
				GCC_PRECOMPILE_PREFIX_HEADER = YES;
				GCC_PREFIX_HEADER = "Knight's Tour/Knight's Tour-Prefix.pch";
				INFOPLIST_FILE = "Knight's TourTests/Knight's TourTests-Info.plist";
				PRODUCT_NAME = "$(TARGET_NAME)";
				TEST_HOST = "$(BUNDLE_LOADER)";
				WRAPPER_EXTENSION = xctest;
			};
			name = Release;
		};
/* End XCBuildConfiguration section */

/* Begin XCConfigurationList section */
		B984BF0E1947BD9A002E80A9 /* Build configuration list for PBXProject "Knight's Tour" */ = {
			isa = XCConfigurationList;
			buildConfigurations = (
				B984BF3D1947BD9A002E80A9 /* Debug */,
				B984BF3E1947BD9A002E80A9 /* Release */,
			);
			defaultConfigurationIsVisible = 0;
			defaultConfigurationName = Release;
		};
		B984BF3F1947BD9A002E80A9 /* Build configuration list for PBXNativeTarget "Knight's Tour" */ = {
			isa = XCConfigurationList;
			buildConfigurations = (
				B984BF401947BD9A002E80A9 /* Debug */,
				B984BF411947BD9A002E80A9 /* Release */,
			);
			defaultConfigurationIsVisible = 0;
		};
		B984BF421947BD9A002E80A9 /* Build configuration list for PBXNativeTarget "Knight's TourTests" */ = {
			isa = XCConfigurationList;
			buildConfigurations = (
				B984BF431947BD9A002E80A9 /* Debug */,
				B984BF441947BD9A002E80A9 /* Release */,
			);
			defaultConfigurationIsVisible = 0;
		};
/* End XCConfigurationList section */
	};
	rootObject = B984BF0B1947BD9A002E80A9 /* Project object */;
}
